
Microsoft Visual Studio Solution File, Format Version 12.00
# Visual Studio Version 17
VisualStudioVersion = 17.13.35931.197
MinimumVisualStudioVersion = 10.0.40219.1
Project("{FAE04EC0-301F-11D3-BF4B-00C04F79EFBC}") = "PatiNerde.Domain", "Core\PatiNerde.Domain\PatiNerde.Domain.csproj", "{A13A7F44-1893-4226-A288-6DE9C0CAF248}"
EndProject
Project("{2150E333-8FDC-42A3-9474-1A3956D46DE8}") = "Core", "Core", "{02EA681E-C7D8-13C7-8484-4AC65E1B71E8}"
EndProject
Project("{2150E333-8FDC-42A3-9474-1A3956D46DE8}") = "External", "External", "{B102339A-9DB9-4D6D-B2DC-0F3644B12794}"
EndProject
Project("{2150E333-8FDC-42A3-9474-1A3956D46DE8}") = "Presentation", "Presentation", "{8B6506C3-AFB0-46A3-8F6D-AE0D8E63C325}"
EndProject
Project("{FAE04EC0-301F-11D3-BF4B-00C04F79EFBC}") = "PatiNerde.Application", "Core\PatiNerde.Application\PatiNerde.Application.csproj", "{82A9FFD7-5EB9-47D5-80CA-9B3A44FD3018}"
EndProject
Project("{FAE04EC0-301F-11D3-BF4B-00C04F79EFBC}") = "PatiNerde.Infrastructure", "External\PatiNerde.Infrastructure\PatiNerde.Infrastructure.csproj", "{FF33B6A6-14B3-4656-92A4-61A2BBC7A0F9}"
EndProject
Project("{FAE04EC0-301F-11D3-BF4B-00C04F79EFBC}") = "PatiNerde.Persistence", "External\PatiNerde.Persistence\PatiNerde.Persistence.csproj", "{8E12061D-060C-4565-934E-18D744620EAC}"
EndProject
Project("{FAE04EC0-301F-11D3-BF4B-00C04F79EFBC}") = "PatiNerde.WebApi", "Presentation\PatiNerde.WebApi\PatiNerde.WebApi.csproj", "{911D766F-80B4-4DAA-B58D-7117508CB5A9}"
EndProject
Global
	GlobalSection(SolutionConfigurationPlatforms) = preSolution
		Debug|Any CPU = Debug|Any CPU
		Release|Any CPU = Release|Any CPU
	EndGlobalSection
	GlobalSection(ProjectConfigurationPlatforms) = postSolution
		{A13A7F44-1893-4226-A288-6DE9C0CAF248}.Debug|Any CPU.ActiveCfg = Debug|Any CPU
		{A13A7F44-1893-4226-A288-6DE9C0CAF248}.Debug|Any CPU.Build.0 = Debug|Any CPU
		{A13A7F44-1893-4226-A288-6DE9C0CAF248}.Release|Any CPU.ActiveCfg = Release|Any CPU
		{A13A7F44-1893-4226-A288-6DE9C0CAF248}.Release|Any CPU.Build.0 = Release|Any CPU
		{82A9FFD7-5EB9-47D5-80CA-9B3A44FD3018}.Debug|Any CPU.ActiveCfg = Debug|Any CPU
		{82A9FFD7-5EB9-47D5-80CA-9B3A44FD3018}.Debug|Any CPU.Build.0 = Debug|Any CPU
		{82A9FFD7-5EB9-47D5-80CA-9B3A44FD3018}.Release|Any CPU.ActiveCfg = Release|Any CPU
		{82A9FFD7-5EB9-47D5-80CA-9B3A44FD3018}.Release|Any CPU.Build.0 = Release|Any CPU
		{FF33B6A6-14B3-4656-92A4-61A2BBC7A0F9}.Debug|Any CPU.ActiveCfg = Debug|Any CPU
		{FF33B6A6-14B3-4656-92A4-61A2BBC7A0F9}.Debug|Any CPU.Build.0 = Debug|Any CPU
		{FF33B6A6-14B3-4656-92A4-61A2BBC7A0F9}.Release|Any CPU.ActiveCfg = Release|Any CPU
		{FF33B6A6-14B3-4656-92A4-61A2BBC7A0F9}.Release|Any CPU.Build.0 = Release|Any CPU
		{8E12061D-060C-4565-934E-18D744620EAC}.Debug|Any CPU.ActiveCfg = Debug|Any CPU
		{8E12061D-060C-4565-934E-18D744620EAC}.Debug|Any CPU.Build.0 = Debug|Any CPU
		{8E12061D-060C-4565-934E-18D744620EAC}.Release|Any CPU.ActiveCfg = Release|Any CPU
		{8E12061D-060C-4565-934E-18D744620EAC}.Release|Any CPU.Build.0 = Release|Any CPU
		{911D766F-80B4-4DAA-B58D-7117508CB5A9}.Debug|Any CPU.ActiveCfg = Debug|Any CPU
		{911D766F-80B4-4DAA-B58D-7117508CB5A9}.Debug|Any CPU.Build.0 = Debug|Any CPU
		{911D766F-80B4-4DAA-B58D-7117508CB5A9}.Release|Any CPU.ActiveCfg = Release|Any CPU
		{911D766F-80B4-4DAA-B58D-7117508CB5A9}.Release|Any CPU.Build.0 = Release|Any CPU
	EndGlobalSection
	GlobalSection(SolutionProperties) = preSolution
		HideSolutionNode = FALSE
	EndGlobalSection
	GlobalSection(NestedProjects) = preSolution
		{A13A7F44-1893-4226-A288-6DE9C0CAF248} = {02EA681E-C7D8-13C7-8484-4AC65E1B71E8}
		{82A9FFD7-5EB9-47D5-80CA-9B3A44FD3018} = {02EA681E-C7D8-13C7-8484-4AC65E1B71E8}
		{FF33B6A6-14B3-4656-92A4-61A2BBC7A0F9} = {B102339A-9DB9-4D6D-B2DC-0F3644B12794}
		{8E12061D-060C-4565-934E-18D744620EAC} = {B102339A-9DB9-4D6D-B2DC-0F3644B12794}
		{911D766F-80B4-4DAA-B58D-7117508CB5A9} = {8B6506C3-AFB0-46A3-8F6D-AE0D8E63C325}
	EndGlobalSection
	GlobalSection(ExtensibilityGlobals) = postSolution
		SolutionGuid = {11C2E27F-01F2-4FA8-85A2-FDA1ED8B4B34}
	EndGlobalSection
EndGlobal
